// !$*UTF8*$!
{
	archiveVersion = 1;
	classes = {
	};
	objectVersion = 46;
	objects = {

/* Begin PBXBuildFile section */
		D668414B1F019C2B00091AB3 /* AppDelegate.swift in Sources */ = {isa = PBXBuildFile; fileRef = D668414A1F019C2B00091AB3 /* AppDelegate.swift */; };
		D668414D1F019C2B00091AB3 /* ViewController.swift in Sources */ = {isa = PBXBuildFile; fileRef = D668414C1F019C2B00091AB3 /* ViewController.swift */; };
		D668414F1F019C2B00091AB3 /* Assets.xcassets in Resources */ = {isa = PBXBuildFile; fileRef = D668414E1F019C2B00091AB3 /* Assets.xcassets */; };
		D66841521F019C2B00091AB3 /* Main.storyboard in Resources */ = {isa = PBXBuildFile; fileRef = D66841501F019C2B00091AB3 /* Main.storyboard */; };
/* End PBXBuildFile section */

/* Begin PBXFileReference section */
		D66841471F019C2B00091AB3 /* Trit.app */ = {isa = PBXFileReference; explicitFileType = wrapper.application; includeInIndex = 0; path = Trit.app; sourceTree = BUILT_PRODUCTS_DIR; };
		D668414A1F019C2B00091AB3 /* AppDelegate.swift */ = {isa = PBXFileReference; lastKnownFileType = sourcecode.swift; path = AppDelegate.swift; sourceTree = "<group>"; };
		D668414C1F019C2B00091AB3 /* ViewController.swift */ = {isa = PBXFileReference; lastKnownFileType = sourcecode.swift; path = ViewController.swift; sourceTree = "<group>"; };
		D668414E1F019C2B00091AB3 /* Assets.xcassets */ = {isa = PBXFileReference; lastKnownFileType = folder.assetcatalog; path = Assets.xcassets; sourceTree = "<group>"; };
		D66841511F019C2B00091AB3 /* Base */ = {isa = PBXFileReference; lastKnownFileType = file.storyboard; name = Base; path = Base.lproj/Main.storyboard; sourceTree = "<group>"; };
		D66841531F019C2B00091AB3 /* Info.plist */ = {isa = PBXFileReference; lastKnownFileType = text.plist.xml; path = Info.plist; sourceTree = "<group>"; };
/* End PBXFileReference section */

/* Begin PBXFrameworksBuildPhase section */
		D66841441F019C2B00091AB3 /* Frameworks */ = {
			isa = PBXFrameworksBuildPhase;
			buildActionMask = 2147483647;
			files = (
			);
			runOnlyForDeploymentPostprocessing = 0;
		};
/* End PBXFrameworksBuildPhase section */

/* Begin PBXGroup section */
		D668413E1F019C2B00091AB3 = {
			isa = PBXGroup;
			children = (
				D66841491F019C2B00091AB3 /* Trit */,
				D66841481F019C2B00091AB3 /* Products */,
			);
			sourceTree = "<group>";
		};
		D66841481F019C2B00091AB3 /* Products */ = {
			isa = PBXGroup;
			children = (
				D66841471F019C2B00091AB3 /* Trit.app */,
			);
			name = Products;
			sourceTree = "<group>";
		};
		D66841491F019C2B00091AB3 /* Trit */ = {
			isa = PBXGroup;
			children = (
				D668414A1F019C2B00091AB3 /* AppDelegate.swift */,
				D668414C1F019C2B00091AB3 /* ViewController.swift */,
				D668414E1F019C2B00091AB3 /* Assets.xcassets */,
				D66841501F019C2B00091AB3 /* Main.storyboard */,
				D66841531F019C2B00091AB3 /* Info.plist */,
			);
			path = Trit;
			sourceTree = "<group>";
		};
/* End PBXGroup section */

/* Begin PBXNativeTarget section */
		D66841461F019C2B00091AB3 /* Trit */ = {
			isa = PBXNativeTarget;
			buildConfigurationList = D66841561F019C2B00091AB3 /* Build configuration list for PBXNativeTarget "Trit" */;
			buildPhases = (
				D66841431F019C2B00091AB3 /* Sources */,
				D66841441F019C2B00091AB3 /* Frameworks */,
				D66841451F019C2B00091AB3 /* Resources */,
			);
			buildRules = (
			);
			dependencies = (
			);
			name = Trit;
			productName = Trit;
			productReference = D66841471F019C2B00091AB3 /* Trit.app */;
			productType = "com.apple.product-type.application";
		};
/* End PBXNativeTarget section */

/* Begin PBXProject section */
		D668413F1F019C2B00091AB3 /* Project object */ = {
			isa = PBXProject;
			attributes = {
				LastSwiftUpdateCheck = 0830;
				LastUpgradeCheck = 0830;
				ORGANIZATIONNAME = "Sergio Hernandez";
				TargetAttributes = {
					D66841461F019C2B00091AB3 = {
						CreatedOnToolsVersion = 8.3.3;
						DevelopmentTeam = TD9JF96X99;
						ProvisioningStyle = Automatic;
					};
				};
			};
			buildConfigurationList = D66841421F019C2B00091AB3 /* Build configuration list for PBXProject "Trit" */;
			compatibilityVersion = "Xcode 3.2";
			developmentRegion = English;
			hasScannedForEncodings = 0;
			knownRegions = (
				en,
				Base,
			);
			mainGroup = D668413E1F019C2B00091AB3;
			productRefGroup = D66841481F019C2B00091AB3 /* Products */;
			projectDirPath = "";
			projectRoot = "";
			targets = (
				D66841461F019C2B00091AB3 /* Trit */,
			);
		};
/* End PBXProject section */

/* Begin PBXResourcesBuildPhase section */
		D66841451F019C2B00091AB3 /* Resources */ = {
			isa = PBXResourcesBuildPhase;
			buildActionMask = 2147483647;
			files = (
				D668414F1F019C2B00091AB3 /* Assets.xcassets in Resources */,
				D66841521F019C2B00091AB3 /* Main.storyboard in Resources */,
			);
			runOnlyForDeploymentPostprocessing = 0;
		};
/* End PBXResourcesBuildPhase section */

/* Begin PBXSourcesBuildPhase section */
		D66841431F019C2B00091AB3 /* Sources */ = {
			isa = PBXSourcesBuildPhase;
			buildActionMask = 2147483647;
			files = (
				D668414D1F019C2B00091AB3 /* ViewController.swift in Sources */,
				D668414B1F019C2B00091AB3 /* AppDelegate.swift in Sources */,
			);
			runOnlyForDeploymentPostprocessing = 0;
		};
/* End PBXSourcesBuildPhase section */

/* Begin PBXVariantGroup section */
		D66841501F019C2B00091AB3 /* Main.storyboard */ = {
			isa = PBXVariantGroup;
			children = (
				D66841511F019C2B00091AB3 /* Base */,
			);
			name = Main.storyboard;
			sourceTree = "<group>";
		};
/* End PBXVariantGroup section */

/* Begin XCBuildConfiguration section */
		D66841541F019C2B00091AB3 /* Debug */ = {
			isa = XCBuildConfiguration;
			buildSettings = {
				ALWAYS_SEARCH_USER_PATHS = NO;
				CLANG_ANALYZER_NONNULL = YES;
				CLANG_ANALYZER_NUMBER_OBJECT_CONVERSION = YES_AGGRESSIVE;
				CLANG_CXX_LANGUAGE_STANDARD = "gnu++0x";
				CLANG_CXX_LIBRARY = "libc++";
				CLANG_ENABLE_MODULES = YES;
				CLANG_ENABLE_OBJC_ARC = YES;
				CLANG_WARN_BOOL_CONVERSION = YES;
				CLANG_WARN_CONSTANT_CONVERSION = YES;
				CLANG_WARN_DIRECT_OBJC_ISA_USAGE = YES_ERROR;
				CLANG_WARN_DOCUMENTATION_COMMENTS = YES;
				CLANG_WARN_EMPTY_BODY = YES;
				CLANG_WARN_ENUM_CONVERSION = YES;
				CLANG_WARN_INFINITE_RECURSION = YES;
				CLANG_WARN_INT_CONVERSION = YES;
				CLANG_WARN_OBJC_ROOT_CLASS = YES_ERROR;
				CLANG_WARN_SUSPICIOUS_MOVE = YES;
				CLANG_WARN_UNREACHABLE_CODE = YES;
				CLANG_WARN__DUPLICATE_METHOD_MATCH = YES;
				CODE_SIGN_IDENTITY = "-";
				COPY_PHASE_STRIP = NO;
				DEBUG_INFORMATION_FORMAT = dwarf;
				ENABLE_STRICT_OBJC_MSGSEND = YES;
				ENABLE_TESTABILITY = YES;
				GCC_C_LANGUAGE_STANDARD = gnu99;
				GCC_DYNAMIC_NO_PIC = NO;
				GCC_NO_COMMON_BLOCKS = YES;
				GCC_OPTIMIZATION_LEVEL = 0;
				GCC_PREPROCESSOR_DEFINITIONS = (
					"DEBUG=1",
					"$(inherited)",
				);
				GCC_WARN_64_TO_32_BIT_CONVERSION = YES;
				GCC_WARN_ABOUT_RETURN_TYPE = YES_ERROR;
				GCC_WARN_UNDECLARED_SELECTOR = YES;
				GCC_WARN_UNINITIALIZED_AUTOS = YES_AGGRESSIVE;
				GCC_WARN_UNUSED_FUNCTION = YES;
				GCC_WARN_UNUSED_VARIABLE = YES;
				MACOSX_DEPLOYMENT_TARGET = 10.12;
				MTL_ENABLE_DEBUG_INFO = YES;
				ONLY_ACTIVE_ARCH = YES;
				SDKROOT = macosx;
				SWIFT_ACTIVE_COMPILATION_CONDITIONS = DEBUG;
				SWIFT_OPTIMIZATION_LEVEL = "-Onone";
			};
			name = Debug;
		};
		D66841551F019C2B00091AB3 /* Release */ = {
			isa = XCBuildConfiguration;
			buildSettings = {
				ALWAYS_SEARCH_USER_PATHS = NO;
				CLANG_ANALYZER_NONNULL = YES;
				CLANG_ANALYZER_NUMBER_OBJECT_CONVERSION = YES_AGGRESSIVE;
				CLANG_CXX_LANGUAGE_STANDARD = "gnu++0x";
				CLANG_CXX_LIBRARY = "libc++";
				CLANG_ENABLE_MODULES = YES;
				CLANG_ENABLE_OBJC_ARC = YES;
				CLANG_WARN_BOOL_CONVERSION = YES;
				CLANG_WARN_CONSTANT_CONVERSION = YES;
				CLANG_WARN_DIRECT_OBJC_ISA_USAGE = YES_ERROR;
				CLANG_WARN_DOCUMENTATION_COMMENTS = YES;
				CLANG_WARN_EMPTY_BODY = YES;
				CLANG_WARN_ENUM_CONVERSION = YES;
				CLANG_WARN_INFINITE_RECURSION = YES;
				CLANG_WARN_INT_CONVERSION = YES;
				CLANG_WARN_OBJC_ROOT_CLASS = YES_ERROR;
				CLANG_WARN_SUSPICIOUS_MOVE = YES;
				CLANG_WARN_UNREACHABLE_CODE = YES;
				CLANG_WARN__DUPLICATE_METHOD_MATCH = YES;
				CODE_SIGN_IDENTITY = "-";
				COPY_PHASE_STRIP = NO;
				DEBUG_INFORMATION_FORMAT = "dwarf-with-dsym";
				ENABLE_NS_ASSERTIONS = NO;
				ENABLE_STRICT_OBJC_MSGSEND = YES;
				GCC_C_LANGUAGE_STANDARD = gnu99;
				GCC_NO_COMMON_BLOCKS = YES;
				GCC_WARN_64_TO_32_BIT_CONVERSION = YES;
				GCC_WARN_ABOUT_RETURN_TYPE = YES_ERROR;
				GCC_WARN_UNDECLARED_SELECTOR = YES;
				GCC_WARN_UNINITIALIZED_AUTOS = YES_AGGRESSIVE;
				GCC_WARN_UNUSED_FUNCTION = YES;
				GCC_WARN_UNUSED_VARIABLE = YES;
				MACOSX_DEPLOYMENT_TARGET = 10.12;
				MTL_ENABLE_DEBUG_INFO = NO;
				SDKROOT = macosx;
				SWIFT_OPTIMIZATION_LEVEL = "-Owholemodule";
			};
			name = Release;
		};
		D66841571F019C2B00091AB3 /* Debug */ = {
			isa = XCBuildConfiguration;
			buildSettings = {
				ASSETCATALOG_COMPILER_APPICON_NAME = AppIcon;
				COMBINE_HIDPI_IMAGES = YES;
				DEVELOPMENT_TEAM = TD9JF96X99;
				INFOPLIST_FILE = Trit/Info.plist;
				LD_RUNPATH_SEARCH_PATHS = "$(inherited) @executable_path/../Frameworks";
				PRODUCT_BUNDLE_IDENTIFIER = SH.Trit;
				PRODUCT_NAME = "$(TARGET_NAME)";
				SWIFT_VERSION = 3.0;
			};
			name = Debug;
		};
		D66841581F019C2B00091AB3 /* Release */ = {
			isa = XCBuildConfiguration;
			buildSettings = {
				ASSETCATALOG_COMPILER_APPICON_NAME = AppIcon;
				COMBINE_HIDPI_IMAGES = YES;
				DEVELOPMENT_TEAM = TD9JF96X99;
				INFOPLIST_FILE = Trit/Info.plist;
				LD_RUNPATH_SEARCH_PATHS = "$(inherited) @executable_path/../Frameworks";
				PRODUCT_BUNDLE_IDENTIFIER = SH.Trit;
				PRODUCT_NAME = "$(TARGET_NAME)";
				SWIFT_VERSION = 3.0;
			};
			name = Release;
		};
/* End XCBuildConfiguration section */

/* Begin XCConfigurationList section */
		D66841421F019C2B00091AB3 /* Build configuration list for PBXProject "Trit" */ = {
			isa = XCConfigurationList;
			buildConfigurations = (
				D66841541F019C2B00091AB3 /* Debug */,
				D66841551F019C2B00091AB3 /* Release */,
			);
			defaultConfigurationIsVisible = 0;
			defaultConfigurationName = Release;
		};
		D66841561F019C2B00091AB3 /* Build configuration list for PBXNativeTarget "Trit" */ = {
			isa = XCConfigurationList;
			buildConfigurations = (
				D66841571F019C2B00091AB3 /* Debug */,
				D66841581F019C2B00091AB3 /* Release */,
			);
			defaultConfigurationIsVisible = 0;
		};
/* End XCConfigurationList section */
	};
	rootObject = D668413F1F019C2B00091AB3 /* Project object */;
}
